
Microsoft Visual Studio Solution File, Format Version 12.00
Project("{2150E333-8FDC-42A3-9474-1A3956D46DE8}") = "src", "src", "{48AA5098-F92D-40F2-9B24-7B13C53E9D9E}"
EndProject
Project("{2150E333-8FDC-42A3-9474-1A3956D46DE8}") = "Analytics", "Analytics", "{06631593-A4E4-48C7-92BC-ABA4C7EC6382}"
EndProject
Project("{FAE04EC0-301F-11D3-BF4B-00C04F79EFBC}") = "API", "src\API\API.csproj", "{ED459308-48FC-4224-A0E5-F85E15EDA4AC}"
EndProject
Project("{FAE04EC0-301F-11D3-BF4B-00C04F79EFBC}") = "Application", "src\Application\Application.csproj", "{3DD969D0-BE03-4C39-A779-5DB6B130D771}"
EndProject
Project("{FAE04EC0-301F-11D3-BF4B-00C04F79EFBC}") = "Domain", "src\Domain\Domain.csproj", "{6D2FDDB8-24B8-4702-B739-BDB16B2D68C8}"
EndProject
Project("{FAE04EC0-301F-11D3-BF4B-00C04F79EFBC}") = "Infrastructure", "src\Infrastructure\Infrastructure.csproj", "{05643E15-F794-47D8-8F4B-89FB852439F1}"
EndProject
Global
	GlobalSection(SolutionConfigurationPlatforms) = preSolution
		Debug|Any CPU = Debug|Any CPU
		Release|Any CPU = Release|Any CPU
	EndGlobalSection
	GlobalSection(ProjectConfigurationPlatforms) = postSolution
		{ED459308-48FC-4224-A0E5-F85E15EDA4AC}.Debug|Any CPU.ActiveCfg = Debug|Any CPU
		{ED459308-48FC-4224-A0E5-F85E15EDA4AC}.Debug|Any CPU.Build.0 = Debug|Any CPU
		{ED459308-48FC-4224-A0E5-F85E15EDA4AC}.Release|Any CPU.ActiveCfg = Release|Any CPU
		{ED459308-48FC-4224-A0E5-F85E15EDA4AC}.Release|Any CPU.Build.0 = Release|Any CPU
		{3DD969D0-BE03-4C39-A779-5DB6B130D771}.Debug|Any CPU.ActiveCfg = Debug|Any CPU
		{3DD969D0-BE03-4C39-A779-5DB6B130D771}.Debug|Any CPU.Build.0 = Debug|Any CPU
		{3DD969D0-BE03-4C39-A779-5DB6B130D771}.Release|Any CPU.ActiveCfg = Release|Any CPU
		{3DD969D0-BE03-4C39-A779-5DB6B130D771}.Release|Any CPU.Build.0 = Release|Any CPU
		{6D2FDDB8-24B8-4702-B739-BDB16B2D68C8}.Debug|Any CPU.ActiveCfg = Debug|Any CPU
		{6D2FDDB8-24B8-4702-B739-BDB16B2D68C8}.Debug|Any CPU.Build.0 = Debug|Any CPU
		{6D2FDDB8-24B8-4702-B739-BDB16B2D68C8}.Release|Any CPU.ActiveCfg = Release|Any CPU
		{6D2FDDB8-24B8-4702-B739-BDB16B2D68C8}.Release|Any CPU.Build.0 = Release|Any CPU
		{05643E15-F794-47D8-8F4B-89FB852439F1}.Debug|Any CPU.ActiveCfg = Debug|Any CPU
		{05643E15-F794-47D8-8F4B-89FB852439F1}.Debug|Any CPU.Build.0 = Debug|Any CPU
		{05643E15-F794-47D8-8F4B-89FB852439F1}.Release|Any CPU.ActiveCfg = Release|Any CPU
		{05643E15-F794-47D8-8F4B-89FB852439F1}.Release|Any CPU.Build.0 = Release|Any CPU
	EndGlobalSection
	GlobalSection(NestedProjects) = preSolution
		{06631593-A4E4-48C7-92BC-ABA4C7EC6382} = {48AA5098-F92D-40F2-9B24-7B13C53E9D9E}
		{ED459308-48FC-4224-A0E5-F85E15EDA4AC} = {06631593-A4E4-48C7-92BC-ABA4C7EC6382}
		{3DD969D0-BE03-4C39-A779-5DB6B130D771} = {06631593-A4E4-48C7-92BC-ABA4C7EC6382}
		{6D2FDDB8-24B8-4702-B739-BDB16B2D68C8} = {06631593-A4E4-48C7-92BC-ABA4C7EC6382}
		{05643E15-F794-47D8-8F4B-89FB852439F1} = {06631593-A4E4-48C7-92BC-ABA4C7EC6382}
	EndGlobalSection
EndGlobal
