
Microsoft Visual Studio Solution File, Format Version 12.00
Project("{2150E333-8FDC-42A3-9474-1A3956D46DE8}") = "src", "src", "{48AA5098-F92D-40F2-9B24-7B13C53E9D9E}"
EndProject
Project("{2150E333-8FDC-42A3-9474-1A3956D46DE8}") = "Analytics", "Analytics", "{06631593-A4E4-48C7-92BC-ABA4C7EC6382}"
EndProject
Project("{FAE04EC0-301F-11D3-BF4B-00C04F79EFBC}") = "API", "src\Analytics\API\API.csproj", "{F7930E51-B389-4FA0-A65C-79A19BC94281}"
EndProject
Project("{FAE04EC0-301F-11D3-BF4B-00C04F79EFBC}") = "Application", "src\Analytics\Application\Application.csproj", "{6C780FDE-7A1A-4EB5-9957-1C28C00B0877}"
EndProject
Project("{FAE04EC0-301F-11D3-BF4B-00C04F79EFBC}") = "Domain", "src\Analytics\Domain\Domain.csproj", "{67A4784F-39BC-4FD3-97F1-C611B2272127}"
EndProject
Project("{FAE04EC0-301F-11D3-BF4B-00C04F79EFBC}") = "Infrastructure", "src\Analytics\Infrastructure\Infrastructure.csproj", "{4C6473DB-72E0-4054-9077-CF3D013B6044}"
EndProject
Global
	GlobalSection(SolutionConfigurationPlatforms) = preSolution
		Debug|Any CPU = Debug|Any CPU
		Release|Any CPU = Release|Any CPU
	EndGlobalSection
	GlobalSection(ProjectConfigurationPlatforms) = postSolution
		{F7930E51-B389-4FA0-A65C-79A19BC94281}.Debug|Any CPU.ActiveCfg = Debug|Any CPU
		{F7930E51-B389-4FA0-A65C-79A19BC94281}.Debug|Any CPU.Build.0 = Debug|Any CPU
		{F7930E51-B389-4FA0-A65C-79A19BC94281}.Release|Any CPU.ActiveCfg = Release|Any CPU
		{F7930E51-B389-4FA0-A65C-79A19BC94281}.Release|Any CPU.Build.0 = Release|Any CPU
		{6C780FDE-7A1A-4EB5-9957-1C28C00B0877}.Debug|Any CPU.ActiveCfg = Debug|Any CPU
		{6C780FDE-7A1A-4EB5-9957-1C28C00B0877}.Debug|Any CPU.Build.0 = Debug|Any CPU
		{6C780FDE-7A1A-4EB5-9957-1C28C00B0877}.Release|Any CPU.ActiveCfg = Release|Any CPU
		{6C780FDE-7A1A-4EB5-9957-1C28C00B0877}.Release|Any CPU.Build.0 = Release|Any CPU
		{67A4784F-39BC-4FD3-97F1-C611B2272127}.Debug|Any CPU.ActiveCfg = Debug|Any CPU
		{67A4784F-39BC-4FD3-97F1-C611B2272127}.Debug|Any CPU.Build.0 = Debug|Any CPU
		{67A4784F-39BC-4FD3-97F1-C611B2272127}.Release|Any CPU.ActiveCfg = Release|Any CPU
		{67A4784F-39BC-4FD3-97F1-C611B2272127}.Release|Any CPU.Build.0 = Release|Any CPU
		{4C6473DB-72E0-4054-9077-CF3D013B6044}.Debug|Any CPU.ActiveCfg = Debug|Any CPU
		{4C6473DB-72E0-4054-9077-CF3D013B6044}.Debug|Any CPU.Build.0 = Debug|Any CPU
		{4C6473DB-72E0-4054-9077-CF3D013B6044}.Release|Any CPU.ActiveCfg = Release|Any CPU
		{4C6473DB-72E0-4054-9077-CF3D013B6044}.Release|Any CPU.Build.0 = Release|Any CPU
	EndGlobalSection
	GlobalSection(NestedProjects) = preSolution
		{06631593-A4E4-48C7-92BC-ABA4C7EC6382} = {48AA5098-F92D-40F2-9B24-7B13C53E9D9E}
		{F7930E51-B389-4FA0-A65C-79A19BC94281} = {06631593-A4E4-48C7-92BC-ABA4C7EC6382}
		{6C780FDE-7A1A-4EB5-9957-1C28C00B0877} = {06631593-A4E4-48C7-92BC-ABA4C7EC6382}
		{67A4784F-39BC-4FD3-97F1-C611B2272127} = {06631593-A4E4-48C7-92BC-ABA4C7EC6382}
		{4C6473DB-72E0-4054-9077-CF3D013B6044} = {06631593-A4E4-48C7-92BC-ABA4C7EC6382}
	EndGlobalSection
EndGlobal
