
Microsoft Visual Studio Solution File, Format Version 12.00
Project("{2150E333-8FDC-42A3-9474-1A3956D46DE8}") = "src", "src", "{48AA5098-F92D-40F2-9B24-7B13C53E9D9E}"
EndProject
Project("{2150E333-8FDC-42A3-9474-1A3956D46DE8}") = "Analytics", "Analytics", "{06631593-A4E4-48C7-92BC-ABA4C7EC6382}"
EndProject
Project("{2150E333-8FDC-42A3-9474-1A3956D46DE8}") = "BuildingBlocks", "BuildingBlocks", "{98FCE0E9-E44D-49C4-8F7D-6103C4AA1064}"
EndProject
Project("{FAE04EC0-301F-11D3-BF4B-00C04F79EFBC}") = "Domain", "src\BuildingBlocks\Domain\Domain.csproj", "{439A8BFF-16C3-451C-BC5F-E2825E2AD0D9}"
EndProject
Project("{FAE04EC0-301F-11D3-BF4B-00C04F79EFBC}") = "Analytics.API", "src\Analytics\Analytics.API\Analytics.API.csproj", "{36ACBEFE-3B55-4D63-A8FD-2EE0A802B96B}"
EndProject
Project("{FAE04EC0-301F-11D3-BF4B-00C04F79EFBC}") = "Analytics.Domain", "src\Analytics\Analytics.Domain\Analytics.Domain.csproj", "{FBDB435E-EBAA-48EF-AA6A-4FE60F02C76E}"
EndProject
Project("{FAE04EC0-301F-11D3-BF4B-00C04F79EFBC}") = "Analytics.Application", "src\Analytics\Analytics.Application\Analytics.Application.csproj", "{6411DE28-F582-4F09-B5C5-ECB96735D9A0}"
EndProject
Project("{FAE04EC0-301F-11D3-BF4B-00C04F79EFBC}") = "Analytics.Infrastructure", "src\Analytics\Analytics.Infrastructure\Analytics.Infrastructure.csproj", "{1F2A2ECF-9E4D-4344-A8F3-82E999D395C8}"
EndProject
Project("{FAE04EC0-301F-11D3-BF4B-00C04F79EFBC}") = "Infrastructure", "src\BuildingBlocks\Infrastructure\Infrastructure.csproj", "{BD50037B-99B1-4F05-8E9E-2AD275AE4893}"
EndProject
Project("{FAE04EC0-301F-11D3-BF4B-00C04F79EFBC}") = "Application", "src\BuildingBlocks\Application\Application.csproj", "{36E5FBDD-3A27-412B-B776-FB2F6453C7F4}"
EndProject
Global
	GlobalSection(SolutionConfigurationPlatforms) = preSolution
		Debug|Any CPU = Debug|Any CPU
		Release|Any CPU = Release|Any CPU
	EndGlobalSection
	GlobalSection(ProjectConfigurationPlatforms) = postSolution
		{439A8BFF-16C3-451C-BC5F-E2825E2AD0D9}.Debug|Any CPU.ActiveCfg = Debug|Any CPU
		{439A8BFF-16C3-451C-BC5F-E2825E2AD0D9}.Debug|Any CPU.Build.0 = Debug|Any CPU
		{439A8BFF-16C3-451C-BC5F-E2825E2AD0D9}.Release|Any CPU.ActiveCfg = Release|Any CPU
		{439A8BFF-16C3-451C-BC5F-E2825E2AD0D9}.Release|Any CPU.Build.0 = Release|Any CPU
		{36ACBEFE-3B55-4D63-A8FD-2EE0A802B96B}.Debug|Any CPU.ActiveCfg = Debug|Any CPU
		{36ACBEFE-3B55-4D63-A8FD-2EE0A802B96B}.Debug|Any CPU.Build.0 = Debug|Any CPU
		{36ACBEFE-3B55-4D63-A8FD-2EE0A802B96B}.Release|Any CPU.ActiveCfg = Release|Any CPU
		{36ACBEFE-3B55-4D63-A8FD-2EE0A802B96B}.Release|Any CPU.Build.0 = Release|Any CPU
		{FBDB435E-EBAA-48EF-AA6A-4FE60F02C76E}.Debug|Any CPU.ActiveCfg = Debug|Any CPU
		{FBDB435E-EBAA-48EF-AA6A-4FE60F02C76E}.Debug|Any CPU.Build.0 = Debug|Any CPU
		{FBDB435E-EBAA-48EF-AA6A-4FE60F02C76E}.Release|Any CPU.ActiveCfg = Release|Any CPU
		{FBDB435E-EBAA-48EF-AA6A-4FE60F02C76E}.Release|Any CPU.Build.0 = Release|Any CPU
		{6411DE28-F582-4F09-B5C5-ECB96735D9A0}.Debug|Any CPU.ActiveCfg = Debug|Any CPU
		{6411DE28-F582-4F09-B5C5-ECB96735D9A0}.Debug|Any CPU.Build.0 = Debug|Any CPU
		{6411DE28-F582-4F09-B5C5-ECB96735D9A0}.Release|Any CPU.ActiveCfg = Release|Any CPU
		{6411DE28-F582-4F09-B5C5-ECB96735D9A0}.Release|Any CPU.Build.0 = Release|Any CPU
		{1F2A2ECF-9E4D-4344-A8F3-82E999D395C8}.Debug|Any CPU.ActiveCfg = Debug|Any CPU
		{1F2A2ECF-9E4D-4344-A8F3-82E999D395C8}.Debug|Any CPU.Build.0 = Debug|Any CPU
		{1F2A2ECF-9E4D-4344-A8F3-82E999D395C8}.Release|Any CPU.ActiveCfg = Release|Any CPU
		{1F2A2ECF-9E4D-4344-A8F3-82E999D395C8}.Release|Any CPU.Build.0 = Release|Any CPU
		{BD50037B-99B1-4F05-8E9E-2AD275AE4893}.Debug|Any CPU.ActiveCfg = Debug|Any CPU
		{BD50037B-99B1-4F05-8E9E-2AD275AE4893}.Debug|Any CPU.Build.0 = Debug|Any CPU
		{BD50037B-99B1-4F05-8E9E-2AD275AE4893}.Release|Any CPU.ActiveCfg = Release|Any CPU
		{BD50037B-99B1-4F05-8E9E-2AD275AE4893}.Release|Any CPU.Build.0 = Release|Any CPU
		{36E5FBDD-3A27-412B-B776-FB2F6453C7F4}.Debug|Any CPU.ActiveCfg = Debug|Any CPU
		{36E5FBDD-3A27-412B-B776-FB2F6453C7F4}.Debug|Any CPU.Build.0 = Debug|Any CPU
		{36E5FBDD-3A27-412B-B776-FB2F6453C7F4}.Release|Any CPU.ActiveCfg = Release|Any CPU
		{36E5FBDD-3A27-412B-B776-FB2F6453C7F4}.Release|Any CPU.Build.0 = Release|Any CPU
	EndGlobalSection
	GlobalSection(NestedProjects) = preSolution
		{06631593-A4E4-48C7-92BC-ABA4C7EC6382} = {48AA5098-F92D-40F2-9B24-7B13C53E9D9E}
		{98FCE0E9-E44D-49C4-8F7D-6103C4AA1064} = {48AA5098-F92D-40F2-9B24-7B13C53E9D9E}
		{439A8BFF-16C3-451C-BC5F-E2825E2AD0D9} = {98FCE0E9-E44D-49C4-8F7D-6103C4AA1064}
		{36ACBEFE-3B55-4D63-A8FD-2EE0A802B96B} = {06631593-A4E4-48C7-92BC-ABA4C7EC6382}
		{FBDB435E-EBAA-48EF-AA6A-4FE60F02C76E} = {06631593-A4E4-48C7-92BC-ABA4C7EC6382}
		{6411DE28-F582-4F09-B5C5-ECB96735D9A0} = {06631593-A4E4-48C7-92BC-ABA4C7EC6382}
		{1F2A2ECF-9E4D-4344-A8F3-82E999D395C8} = {06631593-A4E4-48C7-92BC-ABA4C7EC6382}
		{BD50037B-99B1-4F05-8E9E-2AD275AE4893} = {98FCE0E9-E44D-49C4-8F7D-6103C4AA1064}
		{36E5FBDD-3A27-412B-B776-FB2F6453C7F4} = {98FCE0E9-E44D-49C4-8F7D-6103C4AA1064}
	EndGlobalSection
EndGlobal
